
Microsoft Visual Studio Solution File, Format Version 12.00
# Visual Studio Version 16
VisualStudioVersion = 16.0.31702.278
MinimumVisualStudioVersion = 10.0.40219.1
Project("{FAE04EC0-301F-11D3-BF4B-00C04F79EFBC}") = "ProiectBRC", "ProiectBRC.csproj", "{24553643-A6DE-4EC1-8D0B-B09B87C9472A}"
EndProject
Global
	GlobalSection(SolutionConfigurationPlatforms) = preSolution
		Debug|Any CPU = Debug|Any CPU
		Release|Any CPU = Release|Any CPU
	EndGlobalSection
	GlobalSection(ProjectConfigurationPlatforms) = postSolution
		{24553643-A6DE-4EC1-8D0B-B09B87C9472A}.Debug|Any CPU.ActiveCfg = Debug|Any CPU
		{24553643-A6DE-4EC1-8D0B-B09B87C9472A}.Debug|Any CPU.Build.0 = Debug|Any CPU
		{24553643-A6DE-4EC1-8D0B-B09B87C9472A}.Release|Any CPU.ActiveCfg = Release|Any CPU
		{24553643-A6DE-4EC1-8D0B-B09B87C9472A}.Release|Any CPU.Build.0 = Release|Any CPU
	EndGlobalSection
	GlobalSection(SolutionProperties) = preSolution
		HideSolutionNode = FALSE
	EndGlobalSection
	GlobalSection(ExtensibilityGlobals) = postSolution
		SolutionGuid = {7863EBAC-E7AC-4B60-8271-8D1D1D0458B9}
	EndGlobalSection
EndGlobal
